
Microsoft Visual Studio Solution File, Format Version 11.00
# Visual Studio Version 17

Project("{8BC9CEB8-8B4A-11D0-8D11-00A0C91BC942}") = "BassEnvelopeFilter - VST3", "BassEnvelopeFilter_VST3.vcxproj", "{A6E38932-AE5A-98D6-B4D8-90F00697D359}"
	ProjectSection(ProjectDependencies) = postProject
		{AAA803FD-1255-37ED-E5AD-13468A761741} = {AAA803FD-1255-37ED-E5AD-13468A761741}
	EndProjectSection
EndProject
Project("{8BC9CEB8-8B4A-11D0-8D11-00A0C91BC942}") = "BassEnvelopeFilter - Shared Code", "BassEnvelopeFilter_SharedCode.vcxproj", "{AAA803FD-1255-37ED-E5AD-13468A761741}"
EndProject
Global
	GlobalSection(SolutionConfigurationPlatforms) = preSolution
		Debug|x64 = Debug|x64
		Release|x64 = Release|x64
	EndGlobalSection
	GlobalSection(ProjectConfigurationPlatforms) = postSolution
		{A6E38932-AE5A-98D6-B4D8-90F00697D359}.Debug|x64.ActiveCfg = Debug|x64
		{A6E38932-AE5A-98D6-B4D8-90F00697D359}.Debug|x64.Build.0 = Debug|x64
		{A6E38932-AE5A-98D6-B4D8-90F00697D359}.Release|x64.ActiveCfg = Release|x64
		{A6E38932-AE5A-98D6-B4D8-90F00697D359}.Release|x64.Build.0 = Release|x64
		{AAA803FD-1255-37ED-E5AD-13468A761741}.Debug|x64.ActiveCfg = Debug|x64
		{AAA803FD-1255-37ED-E5AD-13468A761741}.Debug|x64.Build.0 = Debug|x64
		{AAA803FD-1255-37ED-E5AD-13468A761741}.Release|x64.ActiveCfg = Release|x64
		{AAA803FD-1255-37ED-E5AD-13468A761741}.Release|x64.Build.0 = Release|x64
	EndGlobalSection
	GlobalSection(SolutionProperties) = preSolution
		HideSolutionNode = FALSE
	EndGlobalSection
EndGlobal
